// !$*UTF8*$!
{
	archiveVersion = 1;
	classes = {
	};
	objectVersion = 46;
	objects = {

/* Begin PBXBuildFile section */
		1F5D8B7E1955EED8004E486B /* Foundation.framework in Frameworks */ = {isa = PBXBuildFile; fileRef = 1F5D8B7D1955EED8004E486B /* Foundation.framework */; };
		1F5D8B801955EED8004E486B /* CoreGraphics.framework in Frameworks */ = {isa = PBXBuildFile; fileRef = 1F5D8B7F1955EED8004E486B /* CoreGraphics.framework */; };
		1F5D8B821955EED8004E486B /* UIKit.framework in Frameworks */ = {isa = PBXBuildFile; fileRef = 1F5D8B811955EED8004E486B /* UIKit.framework */; };
		1F5D8B881955EED8004E486B /* InfoPlist.strings in Resources */ = {isa = PBXBuildFile; fileRef = 1F5D8B861955EED8004E486B /* InfoPlist.strings */; };
		1F5D8B8A1955EED8004E486B /* main.m in Sources */ = {isa = PBXBuildFile; fileRef = 1F5D8B891955EED8004E486B /* main.m */; };
		1F5D8B8E1955EED8004E486B /* WCAppDelegate.m in Sources */ = {isa = PBXBuildFile; fileRef = 1F5D8B8D1955EED8004E486B /* WCAppDelegate.m */; };
		1F5D8B911955EED8004E486B /* Main.storyboard in Resources */ = {isa = PBXBuildFile; fileRef = 1F5D8B8F1955EED8004E486B /* Main.storyboard */; };
		1F5D8B941955EED8004E486B /* WCViewController.m in Sources */ = {isa = PBXBuildFile; fileRef = 1F5D8B931955EED8004E486B /* WCViewController.m */; };
		1F5D8B961955EED8004E486B /* Images.xcassets in Resources */ = {isa = PBXBuildFile; fileRef = 1F5D8B951955EED8004E486B /* Images.xcassets */; };
		1F5D8B9D1955EED8004E486B /* XCTest.framework in Frameworks */ = {isa = PBXBuildFile; fileRef = 1F5D8B9C1955EED8004E486B /* XCTest.framework */; };
		1F5D8B9E1955EED8004E486B /* Foundation.framework in Frameworks */ = {isa = PBXBuildFile; fileRef = 1F5D8B7D1955EED8004E486B /* Foundation.framework */; };
		1F5D8B9F1955EED8004E486B /* UIKit.framework in Frameworks */ = {isa = PBXBuildFile; fileRef = 1F5D8B811955EED8004E486B /* UIKit.framework */; };
		1F5D8BA71955EED8004E486B /* InfoPlist.strings in Resources */ = {isa = PBXBuildFile; fileRef = 1F5D8BA51955EED8004E486B /* InfoPlist.strings */; };
		1F5D8BA91955EED8004E486B /* WorldCupTests.m in Sources */ = {isa = PBXBuildFile; fileRef = 1F5D8BA81955EED8004E486B /* WorldCupTests.m */; };
		9CC4539C91524A18B1DA8BF0 /* libPods-WorldCup.a in Frameworks */ = {isa = PBXBuildFile; fileRef = 4304E74F99CA4793B9590017 /* libPods-WorldCup.a */; };
		ACF6C41F1956049400EA837C /* WCTableViewController.m in Sources */ = {isa = PBXBuildFile; fileRef = ACF6C41E1956049400EA837C /* WCTableViewController.m */; };
		ACF6C42519560A2E00EA837C /* NetworkController.m in Sources */ = {isa = PBXBuildFile; fileRef = ACF6C42419560A2E00EA837C /* NetworkController.m */; };
		ACF6C42819560AC600EA837C /* ScoreController.m in Sources */ = {isa = PBXBuildFile; fileRef = ACF6C42719560AC600EA837C /* ScoreController.m */; };
/* End PBXBuildFile section */

/* Begin PBXContainerItemProxy section */
		1F5D8BA01955EED8004E486B /* PBXContainerItemProxy */ = {
			isa = PBXContainerItemProxy;
			containerPortal = 1F5D8B721955EED8004E486B /* Project object */;
			proxyType = 1;
			remoteGlobalIDString = 1F5D8B791955EED8004E486B;
			remoteInfo = WorldCup;
		};
/* End PBXContainerItemProxy section */

/* Begin PBXFileReference section */
		1F5D8B7A1955EED8004E486B /* WorldCup.app */ = {isa = PBXFileReference; explicitFileType = wrapper.application; includeInIndex = 0; path = WorldCup.app; sourceTree = BUILT_PRODUCTS_DIR; };
		1F5D8B7D1955EED8004E486B /* Foundation.framework */ = {isa = PBXFileReference; lastKnownFileType = wrapper.framework; name = Foundation.framework; path = System/Library/Frameworks/Foundation.framework; sourceTree = SDKROOT; };
		1F5D8B7F1955EED8004E486B /* CoreGraphics.framework */ = {isa = PBXFileReference; lastKnownFileType = wrapper.framework; name = CoreGraphics.framework; path = System/Library/Frameworks/CoreGraphics.framework; sourceTree = SDKROOT; };
		1F5D8B811955EED8004E486B /* UIKit.framework */ = {isa = PBXFileReference; lastKnownFileType = wrapper.framework; name = UIKit.framework; path = System/Library/Frameworks/UIKit.framework; sourceTree = SDKROOT; };
		1F5D8B851955EED8004E486B /* WorldCup-Info.plist */ = {isa = PBXFileReference; lastKnownFileType = text.plist.xml; path = "WorldCup-Info.plist"; sourceTree = "<group>"; };
		1F5D8B871955EED8004E486B /* en */ = {isa = PBXFileReference; lastKnownFileType = text.plist.strings; name = en; path = en.lproj/InfoPlist.strings; sourceTree = "<group>"; };
		1F5D8B891955EED8004E486B /* main.m */ = {isa = PBXFileReference; lastKnownFileType = sourcecode.c.objc; path = main.m; sourceTree = "<group>"; };
		1F5D8B8B1955EED8004E486B /* WorldCup-Prefix.pch */ = {isa = PBXFileReference; lastKnownFileType = sourcecode.c.h; path = "WorldCup-Prefix.pch"; sourceTree = "<group>"; };
		1F5D8B8C1955EED8004E486B /* WCAppDelegate.h */ = {isa = PBXFileReference; lastKnownFileType = sourcecode.c.h; path = WCAppDelegate.h; sourceTree = "<group>"; };
		1F5D8B8D1955EED8004E486B /* WCAppDelegate.m */ = {isa = PBXFileReference; lastKnownFileType = sourcecode.c.objc; path = WCAppDelegate.m; sourceTree = "<group>"; };
		1F5D8B901955EED8004E486B /* Base */ = {isa = PBXFileReference; lastKnownFileType = file.storyboard; name = Base; path = Base.lproj/Main.storyboard; sourceTree = "<group>"; };
		1F5D8B921955EED8004E486B /* WCViewController.h */ = {isa = PBXFileReference; lastKnownFileType = sourcecode.c.h; path = WCViewController.h; sourceTree = "<group>"; };
		1F5D8B931955EED8004E486B /* WCViewController.m */ = {isa = PBXFileReference; lastKnownFileType = sourcecode.c.objc; path = WCViewController.m; sourceTree = "<group>"; };
		1F5D8B951955EED8004E486B /* Images.xcassets */ = {isa = PBXFileReference; lastKnownFileType = folder.assetcatalog; path = Images.xcassets; sourceTree = "<group>"; };
		1F5D8B9B1955EED8004E486B /* WorldCupTests.xctest */ = {isa = PBXFileReference; explicitFileType = wrapper.cfbundle; includeInIndex = 0; path = WorldCupTests.xctest; sourceTree = BUILT_PRODUCTS_DIR; };
		1F5D8B9C1955EED8004E486B /* XCTest.framework */ = {isa = PBXFileReference; lastKnownFileType = wrapper.framework; name = XCTest.framework; path = Library/Frameworks/XCTest.framework; sourceTree = DEVELOPER_DIR; };
		1F5D8BA41955EED8004E486B /* WorldCupTests-Info.plist */ = {isa = PBXFileReference; lastKnownFileType = text.plist.xml; path = "WorldCupTests-Info.plist"; sourceTree = "<group>"; };
		1F5D8BA61955EED8004E486B /* en */ = {isa = PBXFileReference; lastKnownFileType = text.plist.strings; name = en; path = en.lproj/InfoPlist.strings; sourceTree = "<group>"; };
		1F5D8BA81955EED8004E486B /* WorldCupTests.m */ = {isa = PBXFileReference; lastKnownFileType = sourcecode.c.objc; path = WorldCupTests.m; sourceTree = "<group>"; };
		4304E74F99CA4793B9590017 /* libPods-WorldCup.a */ = {isa = PBXFileReference; explicitFileType = archive.ar; includeInIndex = 0; path = "libPods-WorldCup.a"; sourceTree = BUILT_PRODUCTS_DIR; };
		ACF6C41D1956049400EA837C /* WCTableViewController.h */ = {isa = PBXFileReference; fileEncoding = 4; lastKnownFileType = sourcecode.c.h; path = WCTableViewController.h; sourceTree = "<group>"; };
		ACF6C41E1956049400EA837C /* WCTableViewController.m */ = {isa = PBXFileReference; fileEncoding = 4; lastKnownFileType = sourcecode.c.objc; path = WCTableViewController.m; sourceTree = "<group>"; };
		ACF6C42319560A2E00EA837C /* NetworkController.h */ = {isa = PBXFileReference; fileEncoding = 4; lastKnownFileType = sourcecode.c.h; path = NetworkController.h; sourceTree = "<group>"; };
		ACF6C42419560A2E00EA837C /* NetworkController.m */ = {isa = PBXFileReference; fileEncoding = 4; lastKnownFileType = sourcecode.c.objc; path = NetworkController.m; sourceTree = "<group>"; };
		ACF6C42619560AC600EA837C /* ScoreController.h */ = {isa = PBXFileReference; fileEncoding = 4; lastKnownFileType = sourcecode.c.h; path = ScoreController.h; sourceTree = "<group>"; };
		ACF6C42719560AC600EA837C /* ScoreController.m */ = {isa = PBXFileReference; fileEncoding = 4; lastKnownFileType = sourcecode.c.objc; path = ScoreController.m; sourceTree = "<group>"; };
		E7FE79917D0041AFA56C5ED8 /* Pods-WorldCup.xcconfig */ = {isa = PBXFileReference; includeInIndex = 1; lastKnownFileType = text.xcconfig; name = "Pods-WorldCup.xcconfig"; path = "Pods/Pods-WorldCup.xcconfig"; sourceTree = "<group>"; };
/* End PBXFileReference section */

/* Begin PBXFrameworksBuildPhase section */
		1F5D8B771955EED8004E486B /* Frameworks */ = {
			isa = PBXFrameworksBuildPhase;
			buildActionMask = 2147483647;
			files = (
				1F5D8B801955EED8004E486B /* CoreGraphics.framework in Frameworks */,
				1F5D8B821955EED8004E486B /* UIKit.framework in Frameworks */,
				1F5D8B7E1955EED8004E486B /* Foundation.framework in Frameworks */,
				9CC4539C91524A18B1DA8BF0 /* libPods-WorldCup.a in Frameworks */,
			);
			runOnlyForDeploymentPostprocessing = 0;
		};
		1F5D8B981955EED8004E486B /* Frameworks */ = {
			isa = PBXFrameworksBuildPhase;
			buildActionMask = 2147483647;
			files = (
				1F5D8B9D1955EED8004E486B /* XCTest.framework in Frameworks */,
				1F5D8B9F1955EED8004E486B /* UIKit.framework in Frameworks */,
				1F5D8B9E1955EED8004E486B /* Foundation.framework in Frameworks */,
			);
			runOnlyForDeploymentPostprocessing = 0;
		};
/* End PBXFrameworksBuildPhase section */

/* Begin PBXGroup section */
		1F5D8B711955EED8004E486B = {
			isa = PBXGroup;
			children = (
				1F5D8B831955EED8004E486B /* WorldCup */,
				1F5D8BA21955EED8004E486B /* WorldCupTests */,
				1F5D8B7C1955EED8004E486B /* Frameworks */,
				1F5D8B7B1955EED8004E486B /* Products */,
				E7FE79917D0041AFA56C5ED8 /* Pods-WorldCup.xcconfig */,
			);
			sourceTree = "<group>";
		};
		1F5D8B7B1955EED8004E486B /* Products */ = {
			isa = PBXGroup;
			children = (
				1F5D8B7A1955EED8004E486B /* WorldCup.app */,
				1F5D8B9B1955EED8004E486B /* WorldCupTests.xctest */,
			);
			name = Products;
			sourceTree = "<group>";
		};
		1F5D8B7C1955EED8004E486B /* Frameworks */ = {
			isa = PBXGroup;
			children = (
				1F5D8B7D1955EED8004E486B /* Foundation.framework */,
				1F5D8B7F1955EED8004E486B /* CoreGraphics.framework */,
				1F5D8B811955EED8004E486B /* UIKit.framework */,
				1F5D8B9C1955EED8004E486B /* XCTest.framework */,
				4304E74F99CA4793B9590017 /* libPods-WorldCup.a */,
			);
			name = Frameworks;
			sourceTree = "<group>";
		};
		1F5D8B831955EED8004E486B /* WorldCup */ = {
			isa = PBXGroup;
			children = (
				1F5D8B8C1955EED8004E486B /* WCAppDelegate.h */,
				1F5D8B8D1955EED8004E486B /* WCAppDelegate.m */,
				1F5D8B8F1955EED8004E486B /* Main.storyboard */,
				ACF6C41D1956049400EA837C /* WCTableViewController.h */,
				ACF6C41E1956049400EA837C /* WCTableViewController.m */,
				1F5D8B921955EED8004E486B /* WCViewController.h */,
				1F5D8B931955EED8004E486B /* WCViewController.m */,
				ACF6C42319560A2E00EA837C /* NetworkController.h */,
				ACF6C42419560A2E00EA837C /* NetworkController.m */,
				ACF6C42619560AC600EA837C /* ScoreController.h */,
				ACF6C42719560AC600EA837C /* ScoreController.m */,
				1F5D8B951955EED8004E486B /* Images.xcassets */,
				1F5D8B841955EED8004E486B /* Supporting Files */,
			);
			path = WorldCup;
			sourceTree = "<group>";
		};
		1F5D8B841955EED8004E486B /* Supporting Files */ = {
			isa = PBXGroup;
			children = (
				1F5D8B851955EED8004E486B /* WorldCup-Info.plist */,
				1F5D8B861955EED8004E486B /* InfoPlist.strings */,
				1F5D8B891955EED8004E486B /* main.m */,
				1F5D8B8B1955EED8004E486B /* WorldCup-Prefix.pch */,
			);
			name = "Supporting Files";
			sourceTree = "<group>";
		};
		1F5D8BA21955EED8004E486B /* WorldCupTests */ = {
			isa = PBXGroup;
			children = (
				1F5D8BA81955EED8004E486B /* WorldCupTests.m */,
				1F5D8BA31955EED8004E486B /* Supporting Files */,
			);
			path = WorldCupTests;
			sourceTree = "<group>";
		};
		1F5D8BA31955EED8004E486B /* Supporting Files */ = {
			isa = PBXGroup;
			children = (
				1F5D8BA41955EED8004E486B /* WorldCupTests-Info.plist */,
				1F5D8BA51955EED8004E486B /* InfoPlist.strings */,
			);
			name = "Supporting Files";
			sourceTree = "<group>";
		};
/* End PBXGroup section */

/* Begin PBXNativeTarget section */
		1F5D8B791955EED8004E486B /* WorldCup */ = {
			isa = PBXNativeTarget;
			buildConfigurationList = 1F5D8BAC1955EED8004E486B /* Build configuration list for PBXNativeTarget "WorldCup" */;
			buildPhases = (
				DFF8D8C58DC94E07ADDCBA87 /* Check Pods Manifest.lock */,
				1F5D8B761955EED8004E486B /* Sources */,
				1F5D8B771955EED8004E486B /* Frameworks */,
				1F5D8B781955EED8004E486B /* Resources */,
				EEF2BAAB9DF34DB1832D97BC /* Copy Pods Resources */,
			);
			buildRules = (
			);
			dependencies = (
			);
			name = WorldCup;
			productName = WorldCup;
			productReference = 1F5D8B7A1955EED8004E486B /* WorldCup.app */;
			productType = "com.apple.product-type.application";
		};
		1F5D8B9A1955EED8004E486B /* WorldCupTests */ = {
			isa = PBXNativeTarget;
			buildConfigurationList = 1F5D8BAF1955EED8004E486B /* Build configuration list for PBXNativeTarget "WorldCupTests" */;
			buildPhases = (
				1F5D8B971955EED8004E486B /* Sources */,
				1F5D8B981955EED8004E486B /* Frameworks */,
				1F5D8B991955EED8004E486B /* Resources */,
			);
			buildRules = (
			);
			dependencies = (
				1F5D8BA11955EED8004E486B /* PBXTargetDependency */,
			);
			name = WorldCupTests;
			productName = WorldCupTests;
			productReference = 1F5D8B9B1955EED8004E486B /* WorldCupTests.xctest */;
			productType = "com.apple.product-type.bundle.unit-test";
		};
/* End PBXNativeTarget section */

/* Begin PBXProject section */
		1F5D8B721955EED8004E486B /* Project object */ = {
			isa = PBXProject;
			attributes = {
				CLASSPREFIX = WC;
				LastUpgradeCheck = 0510;
				ORGANIZATIONNAME = DevMountain;
				TargetAttributes = {
					1F5D8B9A1955EED8004E486B = {
						TestTargetID = 1F5D8B791955EED8004E486B;
					};
				};
			};
			buildConfigurationList = 1F5D8B751955EED8004E486B /* Build configuration list for PBXProject "WorldCup" */;
			compatibilityVersion = "Xcode 3.2";
			developmentRegion = English;
			hasScannedForEncodings = 0;
			knownRegions = (
				en,
				Base,
			);
			mainGroup = 1F5D8B711955EED8004E486B;
			productRefGroup = 1F5D8B7B1955EED8004E486B /* Products */;
			projectDirPath = "";
			projectRoot = "";
			targets = (
				1F5D8B791955EED8004E486B /* WorldCup */,
				1F5D8B9A1955EED8004E486B /* WorldCupTests */,
			);
		};
/* End PBXProject section */

/* Begin PBXResourcesBuildPhase section */
		1F5D8B781955EED8004E486B /* Resources */ = {
			isa = PBXResourcesBuildPhase;
			buildActionMask = 2147483647;
			files = (
				1F5D8B961955EED8004E486B /* Images.xcassets in Resources */,
				1F5D8B881955EED8004E486B /* InfoPlist.strings in Resources */,
				1F5D8B911955EED8004E486B /* Main.storyboard in Resources */,
			);
			runOnlyForDeploymentPostprocessing = 0;
		};
		1F5D8B991955EED8004E486B /* Resources */ = {
			isa = PBXResourcesBuildPhase;
			buildActionMask = 2147483647;
			files = (
				1F5D8BA71955EED8004E486B /* InfoPlist.strings in Resources */,
			);
			runOnlyForDeploymentPostprocessing = 0;
		};
/* End PBXResourcesBuildPhase section */

/* Begin PBXShellScriptBuildPhase section */
		DFF8D8C58DC94E07ADDCBA87 /* Check Pods Manifest.lock */ = {
			isa = PBXShellScriptBuildPhase;
			buildActionMask = 2147483647;
			files = (
			);
			inputPaths = (
			);
			name = "Check Pods Manifest.lock";
			outputPaths = (
			);
			runOnlyForDeploymentPostprocessing = 0;
			shellPath = /bin/sh;
			shellScript = "diff \"${PODS_ROOT}/../Podfile.lock\" \"${PODS_ROOT}/Manifest.lock\" > /dev/null\nif [[ $? != 0 ]] ; then\n    cat << EOM\nerror: The sandbox is not in sync with the Podfile.lock. Run 'pod install' or update your CocoaPods installation.\nEOM\n    exit 1\nfi\n";
			showEnvVarsInLog = 0;
		};
		EEF2BAAB9DF34DB1832D97BC /* Copy Pods Resources */ = {
			isa = PBXShellScriptBuildPhase;
			buildActionMask = 2147483647;
			files = (
			);
			inputPaths = (
			);
			name = "Copy Pods Resources";
			outputPaths = (
			);
			runOnlyForDeploymentPostprocessing = 0;
			shellPath = /bin/sh;
			shellScript = "\"${SRCROOT}/Pods/Pods-WorldCup-resources.sh\"\n";
			showEnvVarsInLog = 0;
		};
/* End PBXShellScriptBuildPhase section */

/* Begin PBXSourcesBuildPhase section */
		1F5D8B761955EED8004E486B /* Sources */ = {
			isa = PBXSourcesBuildPhase;
			buildActionMask = 2147483647;
			files = (
				ACF6C42819560AC600EA837C /* ScoreController.m in Sources */,
				1F5D8B941955EED8004E486B /* WCViewController.m in Sources */,
				1F5D8B8E1955EED8004E486B /* WCAppDelegate.m in Sources */,
				1F5D8B8A1955EED8004E486B /* main.m in Sources */,
				ACF6C41F1956049400EA837C /* WCTableViewController.m in Sources */,
				ACF6C42519560A2E00EA837C /* NetworkController.m in Sources */,
			);
			runOnlyForDeploymentPostprocessing = 0;
		};
		1F5D8B971955EED8004E486B /* Sources */ = {
			isa = PBXSourcesBuildPhase;
			buildActionMask = 2147483647;
			files = (
				1F5D8BA91955EED8004E486B /* WorldCupTests.m in Sources */,
			);
			runOnlyForDeploymentPostprocessing = 0;
		};
/* End PBXSourcesBuildPhase section */

/* Begin PBXTargetDependency section */
		1F5D8BA11955EED8004E486B /* PBXTargetDependency */ = {
			isa = PBXTargetDependency;
			target = 1F5D8B791955EED8004E486B /* WorldCup */;
			targetProxy = 1F5D8BA01955EED8004E486B /* PBXContainerItemProxy */;
		};
/* End PBXTargetDependency section */

/* Begin PBXVariantGroup section */
		1F5D8B861955EED8004E486B /* InfoPlist.strings */ = {
			isa = PBXVariantGroup;
			children = (
				1F5D8B871955EED8004E486B /* en */,
			);
			name = InfoPlist.strings;
			sourceTree = "<group>";
		};
		1F5D8B8F1955EED8004E486B /* Main.storyboard */ = {
			isa = PBXVariantGroup;
			children = (
				1F5D8B901955EED8004E486B /* Base */,
			);
			name = Main.storyboard;
			sourceTree = "<group>";
		};
		1F5D8BA51955EED8004E486B /* InfoPlist.strings */ = {
			isa = PBXVariantGroup;
			children = (
				1F5D8BA61955EED8004E486B /* en */,
			);
			name = InfoPlist.strings;
			sourceTree = "<group>";
		};
/* End PBXVariantGroup section */

/* Begin XCBuildConfiguration section */
		1F5D8BAA1955EED8004E486B /* Debug */ = {
			isa = XCBuildConfiguration;
			buildSettings = {
				ALWAYS_SEARCH_USER_PATHS = NO;
				CLANG_CXX_LANGUAGE_STANDARD = "gnu++0x";
				CLANG_CXX_LIBRARY = "libc++";
				CLANG_ENABLE_MODULES = YES;
				CLANG_ENABLE_OBJC_ARC = YES;
				CLANG_WARN_BOOL_CONVERSION = YES;
				CLANG_WARN_CONSTANT_CONVERSION = YES;
				CLANG_WARN_DIRECT_OBJC_ISA_USAGE = YES_ERROR;
				CLANG_WARN_EMPTY_BODY = YES;
				CLANG_WARN_ENUM_CONVERSION = YES;
				CLANG_WARN_INT_CONVERSION = YES;
				CLANG_WARN_OBJC_ROOT_CLASS = YES_ERROR;
				CLANG_WARN__DUPLICATE_METHOD_MATCH = YES;
				"CODE_SIGN_IDENTITY[sdk=iphoneos*]" = "iPhone Developer";
				COPY_PHASE_STRIP = NO;
				GCC_C_LANGUAGE_STANDARD = gnu99;
				GCC_DYNAMIC_NO_PIC = NO;
				GCC_OPTIMIZATION_LEVEL = 0;
				GCC_PREPROCESSOR_DEFINITIONS = (
					"DEBUG=1",
					"$(inherited)",
				);
				GCC_SYMBOLS_PRIVATE_EXTERN = NO;
				GCC_WARN_64_TO_32_BIT_CONVERSION = YES;
				GCC_WARN_ABOUT_RETURN_TYPE = YES_ERROR;
				GCC_WARN_UNDECLARED_SELECTOR = YES;
				GCC_WARN_UNINITIALIZED_AUTOS = YES_AGGRESSIVE;
				GCC_WARN_UNUSED_FUNCTION = YES;
				GCC_WARN_UNUSED_VARIABLE = YES;
				IPHONEOS_DEPLOYMENT_TARGET = 7.1;
				ONLY_ACTIVE_ARCH = YES;
				SDKROOT = iphoneos;
			};
			name = Debug;
		};
		1F5D8BAB1955EED8004E486B /* Release */ = {
			isa = XCBuildConfiguration;
			buildSettings = {
				ALWAYS_SEARCH_USER_PATHS = NO;
				CLANG_CXX_LANGUAGE_STANDARD = "gnu++0x";
				CLANG_CXX_LIBRARY = "libc++";
				CLANG_ENABLE_MODULES = YES;
				CLANG_ENABLE_OBJC_ARC = YES;
				CLANG_WARN_BOOL_CONVERSION = YES;
				CLANG_WARN_CONSTANT_CONVERSION = YES;
				CLANG_WARN_DIRECT_OBJC_ISA_USAGE = YES_ERROR;
				CLANG_WARN_EMPTY_BODY = YES;
				CLANG_WARN_ENUM_CONVERSION = YES;
				CLANG_WARN_INT_CONVERSION = YES;
				CLANG_WARN_OBJC_ROOT_CLASS = YES_ERROR;
				CLANG_WARN__DUPLICATE_METHOD_MATCH = YES;
				"CODE_SIGN_IDENTITY[sdk=iphoneos*]" = "iPhone Developer";
				COPY_PHASE_STRIP = YES;
				ENABLE_NS_ASSERTIONS = NO;
				GCC_C_LANGUAGE_STANDARD = gnu99;
				GCC_WARN_64_TO_32_BIT_CONVERSION = YES;
				GCC_WARN_ABOUT_RETURN_TYPE = YES_ERROR;
				GCC_WARN_UNDECLARED_SELECTOR = YES;
				GCC_WARN_UNINITIALIZED_AUTOS = YES_AGGRESSIVE;
				GCC_WARN_UNUSED_FUNCTION = YES;
				GCC_WARN_UNUSED_VARIABLE = YES;
				IPHONEOS_DEPLOYMENT_TARGET = 7.1;
				SDKROOT = iphoneos;
				VALIDATE_PRODUCT = YES;
			};
			name = Release;
		};
		1F5D8BAD1955EED8004E486B /* Debug */ = {
			isa = XCBuildConfiguration;
			baseConfigurationReference = E7FE79917D0041AFA56C5ED8 /* Pods-WorldCup.xcconfig */;
			buildSettings = {
				ASSETCATALOG_COMPILER_APPICON_NAME = AppIcon;
				ASSETCATALOG_COMPILER_LAUNCHIMAGE_NAME = LaunchImage;
				GCC_PRECOMPILE_PREFIX_HEADER = YES;
				GCC_PREFIX_HEADER = "WorldCup/WorldCup-Prefix.pch";
				INFOPLIST_FILE = "WorldCup/WorldCup-Info.plist";
				PRODUCT_NAME = "$(TARGET_NAME)";
				WRAPPER_EXTENSION = app;
			};
			name = Debug;
		};
		1F5D8BAE1955EED8004E486B /* Release */ = {
			isa = XCBuildConfiguration;
			baseConfigurationReference = E7FE79917D0041AFA56C5ED8 /* Pods-WorldCup.xcconfig */;
			buildSettings = {
				ASSETCATALOG_COMPILER_APPICON_NAME = AppIcon;
				ASSETCATALOG_COMPILER_LAUNCHIMAGE_NAME = LaunchImage;
				GCC_PRECOMPILE_PREFIX_HEADER = YES;
				GCC_PREFIX_HEADER = "WorldCup/WorldCup-Prefix.pch";
				INFOPLIST_FILE = "WorldCup/WorldCup-Info.plist";
				PRODUCT_NAME = "$(TARGET_NAME)";
				WRAPPER_EXTENSION = app;
			};
			name = Release;
		};
		1F5D8BB01955EED8004E486B /* Debug */ = {
			isa = XCBuildConfiguration;
			buildSettings = {
				BUNDLE_LOADER = "$(BUILT_PRODUCTS_DIR)/WorldCup.app/WorldCup";
				FRAMEWORK_SEARCH_PATHS = (
					"$(SDKROOT)/Developer/Library/Frameworks",
					"$(inherited)",
					"$(DEVELOPER_FRAMEWORKS_DIR)",
				);
				GCC_PRECOMPILE_PREFIX_HEADER = YES;
				GCC_PREFIX_HEADER = "WorldCup/WorldCup-Prefix.pch";
				GCC_PREPROCESSOR_DEFINITIONS = (
					"DEBUG=1",
					"$(inherited)",
				);
				INFOPLIST_FILE = "WorldCupTests/WorldCupTests-Info.plist";
				PRODUCT_NAME = "$(TARGET_NAME)";
				TEST_HOST = "$(BUNDLE_LOADER)";
				WRAPPER_EXTENSION = xctest;
			};
			name = Debug;
		};
		1F5D8BB11955EED8004E486B /* Release */ = {
			isa = XCBuildConfiguration;
			buildSettings = {
				BUNDLE_LOADER = "$(BUILT_PRODUCTS_DIR)/WorldCup.app/WorldCup";
				FRAMEWORK_SEARCH_PATHS = (
					"$(SDKROOT)/Developer/Library/Frameworks",
					"$(inherited)",
					"$(DEVELOPER_FRAMEWORKS_DIR)",
				);
				GCC_PRECOMPILE_PREFIX_HEADER = YES;
				GCC_PREFIX_HEADER = "WorldCup/WorldCup-Prefix.pch";
				INFOPLIST_FILE = "WorldCupTests/WorldCupTests-Info.plist";
				PRODUCT_NAME = "$(TARGET_NAME)";
				TEST_HOST = "$(BUNDLE_LOADER)";
				WRAPPER_EXTENSION = xctest;
			};
			name = Release;
		};
/* End XCBuildConfiguration section */

/* Begin XCConfigurationList section */
		1F5D8B751955EED8004E486B /* Build configuration list for PBXProject "WorldCup" */ = {
			isa = XCConfigurationList;
			buildConfigurations = (
				1F5D8BAA1955EED8004E486B /* Debug */,
				1F5D8BAB1955EED8004E486B /* Release */,
			);
			defaultConfigurationIsVisible = 0;
			defaultConfigurationName = Release;
		};
		1F5D8BAC1955EED8004E486B /* Build configuration list for PBXNativeTarget "WorldCup" */ = {
			isa = XCConfigurationList;
			buildConfigurations = (
				1F5D8BAD1955EED8004E486B /* Debug */,
				1F5D8BAE1955EED8004E486B /* Release */,
			);
			defaultConfigurationIsVisible = 0;
			defaultConfigurationName = Release;
		};
		1F5D8BAF1955EED8004E486B /* Build configuration list for PBXNativeTarget "WorldCupTests" */ = {
			isa = XCConfigurationList;
			buildConfigurations = (
				1F5D8BB01955EED8004E486B /* Debug */,
				1F5D8BB11955EED8004E486B /* Release */,
			);
			defaultConfigurationIsVisible = 0;
			defaultConfigurationName = Release;
		};
/* End XCConfigurationList section */
	};
	rootObject = 1F5D8B721955EED8004E486B /* Project object */;
}
